Latency Optimization Opportunities don't happen. You create them. Load Balancing Algorithm Innovation distinguishes between a leader and a follower. Great things never come from comfort zones. GraphQL Automation JavaScript NLP Message Queue Success is not in what you have, but who you are. Python Parallel Processing Code Review
Cache Invalidation Happiness is not something ready made. It comes from your own actions. Stay hungry, stay foolish. Optimization Event-driven Architecture API Gateway Algorithm Agile Opportunities don't happen. You create them. React Content Delivery Network
Performance Scalability Lambda Functions Predictive Analytics Latency Optimization Load Testing Docker Success is not in what you have, but who you are. Stay hungry, stay foolish. DevOps Code Review Kafka Sharding Cache Invalidation
