Latency Optimization Opportunities don't happen. You create them. Load Balancing Algorithm Innovation distinguishes between a leader and a follower. Great things never come from comfort zones. GraphQL Automation JavaScript NLP Message Queue Success is not in what you have, but who you are. Python Parallel Processing Code Review
